
Microsoft Visual Studio Solution File, Format Version 12.00
# Visual Studio Version 17
VisualStudioVersion = 17.0.31903.59
MinimumVisualStudioVersion = 10.0.40219.1
Project("{9A19103F-16F7-4668-BE54-9A1E7A4F7556}") = "Conference.Api", "Conference.Api\Conference.Api.csproj", "{826B0071-F18A-402A-AE77-166689E6B729}"
EndProject
Project("{9A19103F-16F7-4668-BE54-9A1E7A4F7556}") = "Conference.MVC", "Conference.MVC\Conference.MVC.csproj", "{E6F04453-A481-4B6A-8005-2AB3E4EDC979}"
EndProject
Project("{E53339B2-1760-4266-BCC7-CA923CBCF16C}") = "docker-compose", "docker-compose.dcproj", "{C267F2A1-38D0-40B6-A317-E61755576D52}"
EndProject
Project("{2150E333-8FDC-42A3-9474-1A3956D46DE8}") = "nginx", "nginx", "{6D66586D-25E2-4278-8395-EF8B2D09481A}"
	ProjectSection(SolutionItems) = preProject
		nginx\api-cert.conf = nginx\api-cert.conf
		nginx\api-cert.crt = nginx\api-cert.crt
		nginx\api-cert.key = nginx\api-cert.key
		nginx\api-cert.pfx = nginx\api-cert.pfx
		nginx\Dockerfile = nginx\Dockerfile
		nginx\nginx.conf = nginx\nginx.conf
	EndProjectSection
EndProject
Global
	GlobalSection(SolutionConfigurationPlatforms) = preSolution
		Debug|Any CPU = Debug|Any CPU
		Release|Any CPU = Release|Any CPU
	EndGlobalSection
	GlobalSection(ProjectConfigurationPlatforms) = postSolution
		{826B0071-F18A-402A-AE77-166689E6B729}.Debug|Any CPU.ActiveCfg = Debug|Any CPU
		{826B0071-F18A-402A-AE77-166689E6B729}.Debug|Any CPU.Build.0 = Debug|Any CPU
		{826B0071-F18A-402A-AE77-166689E6B729}.Release|Any CPU.ActiveCfg = Release|Any CPU
		{826B0071-F18A-402A-AE77-166689E6B729}.Release|Any CPU.Build.0 = Release|Any CPU
		{E6F04453-A481-4B6A-8005-2AB3E4EDC979}.Debug|Any CPU.ActiveCfg = Debug|Any CPU
		{E6F04453-A481-4B6A-8005-2AB3E4EDC979}.Debug|Any CPU.Build.0 = Debug|Any CPU
		{E6F04453-A481-4B6A-8005-2AB3E4EDC979}.Release|Any CPU.ActiveCfg = Release|Any CPU
		{E6F04453-A481-4B6A-8005-2AB3E4EDC979}.Release|Any CPU.Build.0 = Release|Any CPU
		{C267F2A1-38D0-40B6-A317-E61755576D52}.Debug|Any CPU.ActiveCfg = Debug|Any CPU
		{C267F2A1-38D0-40B6-A317-E61755576D52}.Debug|Any CPU.Build.0 = Debug|Any CPU
		{C267F2A1-38D0-40B6-A317-E61755576D52}.Release|Any CPU.ActiveCfg = Release|Any CPU
		{C267F2A1-38D0-40B6-A317-E61755576D52}.Release|Any CPU.Build.0 = Release|Any CPU
	EndGlobalSection
	GlobalSection(SolutionProperties) = preSolution
		HideSolutionNode = FALSE
	EndGlobalSection
	GlobalSection(ExtensibilityGlobals) = postSolution
		SolutionGuid = {E7B3F4DF-E4B2-4196-AA16-F73975DB2663}
	EndGlobalSection
EndGlobal
